# This file is automatically @generated by Cargo.
# It is not intended for manual editing.
version = 4

[[package]]
name = "agg"
version = "0.1.0"
dependencies = [
 "fluent-guest",
]

[[package]]
name = "fluent-guest"
version = "0.1.0"

[[package]]
name = "transfer"
version = "0.1.0"
dependencies = [
 "fluent-guest",
]
